
Microsoft Visual Studio Solution File, Format Version 12.00
# Visual Studio Version 16
VisualStudioVersion = 16.0.33529.622
MinimumVisualStudioVersion = 10.0.40219.1
Project("{FAE04EC0-301F-11D3-BF4B-00C04F79EFBC}") = "TwentyOneGame", "TwentyOneGame\TwentyOneGame.csproj", "{70598079-4E04-4A13-BB54-C96D2366E8C8}"
EndProject
Project("{FAE04EC0-301F-11D3-BF4B-00C04F79EFBC}") = "Cassino", "Cassino\Cassino.csproj", "{A3E33C9A-C9AD-4F63-BC51-4FAA1E3A10CC}"
EndProject
Global
	GlobalSection(SolutionConfigurationPlatforms) = preSolution
		Debug|Any CPU = Debug|Any CPU
		Release|Any CPU = Release|Any CPU
	EndGlobalSection
	GlobalSection(ProjectConfigurationPlatforms) = postSolution
		{70598079-4E04-4A13-BB54-C96D2366E8C8}.Debug|Any CPU.ActiveCfg = Debug|Any CPU
		{70598079-4E04-4A13-BB54-C96D2366E8C8}.Debug|Any CPU.Build.0 = Debug|Any CPU
		{70598079-4E04-4A13-BB54-C96D2366E8C8}.Release|Any CPU.ActiveCfg = Release|Any CPU
		{70598079-4E04-4A13-BB54-C96D2366E8C8}.Release|Any CPU.Build.0 = Release|Any CPU
		{A3E33C9A-C9AD-4F63-BC51-4FAA1E3A10CC}.Debug|Any CPU.ActiveCfg = Debug|Any CPU
		{A3E33C9A-C9AD-4F63-BC51-4FAA1E3A10CC}.Debug|Any CPU.Build.0 = Debug|Any CPU
		{A3E33C9A-C9AD-4F63-BC51-4FAA1E3A10CC}.Release|Any CPU.ActiveCfg = Release|Any CPU
		{A3E33C9A-C9AD-4F63-BC51-4FAA1E3A10CC}.Release|Any CPU.Build.0 = Release|Any CPU
	EndGlobalSection
	GlobalSection(SolutionProperties) = preSolution
		HideSolutionNode = FALSE
	EndGlobalSection
	GlobalSection(ExtensibilityGlobals) = postSolution
		SolutionGuid = {4420EE93-7096-425F-A382-0EB1027F2712}
	EndGlobalSection
EndGlobal
