
Microsoft Visual Studio Solution File, Format Version 12.00
# Visual Studio Version 16
VisualStudioVersion = 16.0.33529.622
MinimumVisualStudioVersion = 10.0.40219.1
Project("{FAE04EC0-301F-11D3-BF4B-00C04F79EFBC}") = "CallingMethodsAssignment", "CallingMethodsAssignment\CallingMethodsAssignment.csproj", "{0E4AB109-254F-407C-9337-81F29349E721}"
EndProject
Global
	GlobalSection(SolutionConfigurationPlatforms) = preSolution
		Debug|Any CPU = Debug|Any CPU
		Release|Any CPU = Release|Any CPU
	EndGlobalSection
	GlobalSection(ProjectConfigurationPlatforms) = postSolution
		{0E4AB109-254F-407C-9337-81F29349E721}.Debug|Any CPU.ActiveCfg = Debug|Any CPU
		{0E4AB109-254F-407C-9337-81F29349E721}.Debug|Any CPU.Build.0 = Debug|Any CPU
		{0E4AB109-254F-407C-9337-81F29349E721}.Release|Any CPU.ActiveCfg = Release|Any CPU
		{0E4AB109-254F-407C-9337-81F29349E721}.Release|Any CPU.Build.0 = Release|Any CPU
	EndGlobalSection
	GlobalSection(SolutionProperties) = preSolution
		HideSolutionNode = FALSE
	EndGlobalSection
	GlobalSection(ExtensibilityGlobals) = postSolution
		SolutionGuid = {D91B667A-29A4-48F5-83D0-8084E1320200}
	EndGlobalSection
EndGlobal
